
Microsoft Visual Studio Solution File, Format Version 12.00
# Visual Studio Version 17
VisualStudioVersion = 17.4.33103.184
MinimumVisualStudioVersion = 10.0.40219.1
Project("{9A19103F-16F7-4668-BE54-9A1E7A4F7556}") = "Dungeon", "Dungeon\Dungeon.csproj", "{02F4D89B-4E1D-4D80-A39F-3144A1E6DDF8}"
EndProject
Project("{9A19103F-16F7-4668-BE54-9A1E7A4F7556}") = "DungeonTests", "DungeonTests\DungeonTests.csproj", "{7371CBFE-280A-4E9F-B8AA-F0F0F99EF1B2}"
EndProject
Project("{C7167F0D-BC9F-4E6E-AFE1-012C56B48DB5}") = "Dungeon.Package", "Dungeon.Package\Dungeon.Package.wapproj", "{49DAAEAE-F4AF-43D3-A218-F055595B6826}"
EndProject
Global
	GlobalSection(SolutionConfigurationPlatforms) = preSolution
		Debug|Any CPU = Debug|Any CPU
		Debug|ARM = Debug|ARM
		Debug|ARM64 = Debug|ARM64
		Debug|x64 = Debug|x64
		Debug|x86 = Debug|x86
		Release|Any CPU = Release|Any CPU
		Release|ARM = Release|ARM
		Release|ARM64 = Release|ARM64
		Release|x64 = Release|x64
		Release|x86 = Release|x86
	EndGlobalSection
	GlobalSection(ProjectConfigurationPlatforms) = postSolution
		{02F4D89B-4E1D-4D80-A39F-3144A1E6DDF8}.Debug|Any CPU.ActiveCfg = Debug|Any CPU
		{02F4D89B-4E1D-4D80-A39F-3144A1E6DDF8}.Debug|Any CPU.Build.0 = Debug|Any CPU
		{02F4D89B-4E1D-4D80-A39F-3144A1E6DDF8}.Debug|ARM.ActiveCfg = Debug|Any CPU
		{02F4D89B-4E1D-4D80-A39F-3144A1E6DDF8}.Debug|ARM.Build.0 = Debug|Any CPU
		{02F4D89B-4E1D-4D80-A39F-3144A1E6DDF8}.Debug|ARM64.ActiveCfg = Debug|Any CPU
		{02F4D89B-4E1D-4D80-A39F-3144A1E6DDF8}.Debug|ARM64.Build.0 = Debug|Any CPU
		{02F4D89B-4E1D-4D80-A39F-3144A1E6DDF8}.Debug|x64.ActiveCfg = Debug|Any CPU
		{02F4D89B-4E1D-4D80-A39F-3144A1E6DDF8}.Debug|x64.Build.0 = Debug|Any CPU
		{02F4D89B-4E1D-4D80-A39F-3144A1E6DDF8}.Debug|x86.ActiveCfg = Debug|Any CPU
		{02F4D89B-4E1D-4D80-A39F-3144A1E6DDF8}.Debug|x86.Build.0 = Debug|Any CPU
		{02F4D89B-4E1D-4D80-A39F-3144A1E6DDF8}.Release|Any CPU.ActiveCfg = Release|Any CPU
		{02F4D89B-4E1D-4D80-A39F-3144A1E6DDF8}.Release|Any CPU.Build.0 = Release|Any CPU
		{02F4D89B-4E1D-4D80-A39F-3144A1E6DDF8}.Release|ARM.ActiveCfg = Release|Any CPU
		{02F4D89B-4E1D-4D80-A39F-3144A1E6DDF8}.Release|ARM.Build.0 = Release|Any CPU
		{02F4D89B-4E1D-4D80-A39F-3144A1E6DDF8}.Release|ARM64.ActiveCfg = Release|Any CPU
		{02F4D89B-4E1D-4D80-A39F-3144A1E6DDF8}.Release|ARM64.Build.0 = Release|Any CPU
		{02F4D89B-4E1D-4D80-A39F-3144A1E6DDF8}.Release|x64.ActiveCfg = Release|Any CPU
		{02F4D89B-4E1D-4D80-A39F-3144A1E6DDF8}.Release|x64.Build.0 = Release|Any CPU
		{02F4D89B-4E1D-4D80-A39F-3144A1E6DDF8}.Release|x86.ActiveCfg = Release|Any CPU
		{02F4D89B-4E1D-4D80-A39F-3144A1E6DDF8}.Release|x86.Build.0 = Release|Any CPU
		{7371CBFE-280A-4E9F-B8AA-F0F0F99EF1B2}.Debug|Any CPU.ActiveCfg = Debug|Any CPU
		{7371CBFE-280A-4E9F-B8AA-F0F0F99EF1B2}.Debug|Any CPU.Build.0 = Debug|Any CPU
		{7371CBFE-280A-4E9F-B8AA-F0F0F99EF1B2}.Debug|ARM.ActiveCfg = Debug|Any CPU
		{7371CBFE-280A-4E9F-B8AA-F0F0F99EF1B2}.Debug|ARM.Build.0 = Debug|Any CPU
		{7371CBFE-280A-4E9F-B8AA-F0F0F99EF1B2}.Debug|ARM64.ActiveCfg = Debug|Any CPU
		{7371CBFE-280A-4E9F-B8AA-F0F0F99EF1B2}.Debug|ARM64.Build.0 = Debug|Any CPU
		{7371CBFE-280A-4E9F-B8AA-F0F0F99EF1B2}.Debug|x64.ActiveCfg = Debug|Any CPU
		{7371CBFE-280A-4E9F-B8AA-F0F0F99EF1B2}.Debug|x64.Build.0 = Debug|Any CPU
		{7371CBFE-280A-4E9F-B8AA-F0F0F99EF1B2}.Debug|x86.ActiveCfg = Debug|Any CPU
		{7371CBFE-280A-4E9F-B8AA-F0F0F99EF1B2}.Debug|x86.Build.0 = Debug|Any CPU
		{7371CBFE-280A-4E9F-B8AA-F0F0F99EF1B2}.Release|Any CPU.ActiveCfg = Release|Any CPU
		{7371CBFE-280A-4E9F-B8AA-F0F0F99EF1B2}.Release|Any CPU.Build.0 = Release|Any CPU
		{7371CBFE-280A-4E9F-B8AA-F0F0F99EF1B2}.Release|ARM.ActiveCfg = Release|Any CPU
		{7371CBFE-280A-4E9F-B8AA-F0F0F99EF1B2}.Release|ARM.Build.0 = Release|Any CPU
		{7371CBFE-280A-4E9F-B8AA-F0F0F99EF1B2}.Release|ARM64.ActiveCfg = Release|Any CPU
		{7371CBFE-280A-4E9F-B8AA-F0F0F99EF1B2}.Release|ARM64.Build.0 = Release|Any CPU
		{7371CBFE-280A-4E9F-B8AA-F0F0F99EF1B2}.Release|x64.ActiveCfg = Release|Any CPU
		{7371CBFE-280A-4E9F-B8AA-F0F0F99EF1B2}.Release|x64.Build.0 = Release|Any CPU
		{7371CBFE-280A-4E9F-B8AA-F0F0F99EF1B2}.Release|x86.ActiveCfg = Release|Any CPU
		{7371CBFE-280A-4E9F-B8AA-F0F0F99EF1B2}.Release|x86.Build.0 = Release|Any CPU
		{49DAAEAE-F4AF-43D3-A218-F055595B6826}.Debug|Any CPU.ActiveCfg = Debug|Any CPU
		{49DAAEAE-F4AF-43D3-A218-F055595B6826}.Debug|Any CPU.Build.0 = Debug|Any CPU
		{49DAAEAE-F4AF-43D3-A218-F055595B6826}.Debug|Any CPU.Deploy.0 = Debug|Any CPU
		{49DAAEAE-F4AF-43D3-A218-F055595B6826}.Debug|ARM.ActiveCfg = Debug|ARM
		{49DAAEAE-F4AF-43D3-A218-F055595B6826}.Debug|ARM.Build.0 = Debug|ARM
		{49DAAEAE-F4AF-43D3-A218-F055595B6826}.Debug|ARM.Deploy.0 = Debug|ARM
		{49DAAEAE-F4AF-43D3-A218-F055595B6826}.Debug|ARM64.ActiveCfg = Debug|ARM64
		{49DAAEAE-F4AF-43D3-A218-F055595B6826}.Debug|ARM64.Build.0 = Debug|ARM64
		{49DAAEAE-F4AF-43D3-A218-F055595B6826}.Debug|ARM64.Deploy.0 = Debug|ARM64
		{49DAAEAE-F4AF-43D3-A218-F055595B6826}.Debug|x64.ActiveCfg = Debug|x64
		{49DAAEAE-F4AF-43D3-A218-F055595B6826}.Debug|x64.Build.0 = Debug|x64
		{49DAAEAE-F4AF-43D3-A218-F055595B6826}.Debug|x64.Deploy.0 = Debug|x64
		{49DAAEAE-F4AF-43D3-A218-F055595B6826}.Debug|x86.ActiveCfg = Debug|x86
		{49DAAEAE-F4AF-43D3-A218-F055595B6826}.Debug|x86.Build.0 = Debug|x86
		{49DAAEAE-F4AF-43D3-A218-F055595B6826}.Debug|x86.Deploy.0 = Debug|x86
		{49DAAEAE-F4AF-43D3-A218-F055595B6826}.Release|Any CPU.ActiveCfg = Release|Any CPU
		{49DAAEAE-F4AF-43D3-A218-F055595B6826}.Release|Any CPU.Build.0 = Release|Any CPU
		{49DAAEAE-F4AF-43D3-A218-F055595B6826}.Release|Any CPU.Deploy.0 = Release|Any CPU
		{49DAAEAE-F4AF-43D3-A218-F055595B6826}.Release|ARM.ActiveCfg = Release|ARM
		{49DAAEAE-F4AF-43D3-A218-F055595B6826}.Release|ARM.Build.0 = Release|ARM
		{49DAAEAE-F4AF-43D3-A218-F055595B6826}.Release|ARM.Deploy.0 = Release|ARM
		{49DAAEAE-F4AF-43D3-A218-F055595B6826}.Release|ARM64.ActiveCfg = Release|ARM64
		{49DAAEAE-F4AF-43D3-A218-F055595B6826}.Release|ARM64.Build.0 = Release|ARM64
		{49DAAEAE-F4AF-43D3-A218-F055595B6826}.Release|ARM64.Deploy.0 = Release|ARM64
		{49DAAEAE-F4AF-43D3-A218-F055595B6826}.Release|x64.ActiveCfg = Release|x64
		{49DAAEAE-F4AF-43D3-A218-F055595B6826}.Release|x64.Build.0 = Release|x64
		{49DAAEAE-F4AF-43D3-A218-F055595B6826}.Release|x64.Deploy.0 = Release|x64
		{49DAAEAE-F4AF-43D3-A218-F055595B6826}.Release|x86.ActiveCfg = Release|x86
		{49DAAEAE-F4AF-43D3-A218-F055595B6826}.Release|x86.Build.0 = Release|x86
		{49DAAEAE-F4AF-43D3-A218-F055595B6826}.Release|x86.Deploy.0 = Release|x86
	EndGlobalSection
	GlobalSection(SolutionProperties) = preSolution
		HideSolutionNode = FALSE
	EndGlobalSection
	GlobalSection(ExtensibilityGlobals) = postSolution
		SolutionGuid = {66F6524F-83AD-4032-8194-56E72929FD54}
	EndGlobalSection
EndGlobal
